
Microsoft Visual Studio Solution File, Format Version 12.00
# Visual Studio 2013
VisualStudioVersion = 12.0.31101.0
MinimumVisualStudioVersion = 10.0.40219.1
Project("{FAE04EC0-301F-11D3-BF4B-00C04F79EFBC}") = "itakanet.Program", "itakanet\itakanet.Program.csproj", "{A90995A3-2313-4141-939E-882FA2487D3C}"
EndProject
Project("{FAE04EC0-301F-11D3-BF4B-00C04F79EFBC}") = "itakanet.Data", "itakanet.Data\itakanet.Data.csproj", "{09B05C67-E8AF-4B24-8FBF-25D999C0B621}"
EndProject
Project("{FAE04EC0-301F-11D3-BF4B-00C04F79EFBC}") = "itakanet.Interfaces", "itakanet.Interfaces\itakanet.Interfaces.csproj", "{BC6CFB8B-B068-4C16-BD1B-AA0728889655}"
EndProject
Project("{FAE04EC0-301F-11D3-BF4B-00C04F79EFBC}") = "itakanet.Models", "itakanet.Models\itakanet.Models.csproj", "{F5892559-2773-4795-AD63-6AE1797D1460}"
EndProject
Project("{FAE04EC0-301F-11D3-BF4B-00C04F79EFBC}") = "Helpers", "Helpers\Helpers.csproj", "{467394FB-D501-4BD8-9192-4F57F55C2E96}"
EndProject
Global
	GlobalSection(SolutionConfigurationPlatforms) = preSolution
		Debug|Any CPU = Debug|Any CPU
		Release|Any CPU = Release|Any CPU
	EndGlobalSection
	GlobalSection(ProjectConfigurationPlatforms) = postSolution
		{A90995A3-2313-4141-939E-882FA2487D3C}.Debug|Any CPU.ActiveCfg = Debug|Any CPU
		{A90995A3-2313-4141-939E-882FA2487D3C}.Debug|Any CPU.Build.0 = Debug|Any CPU
		{A90995A3-2313-4141-939E-882FA2487D3C}.Release|Any CPU.ActiveCfg = Release|Any CPU
		{A90995A3-2313-4141-939E-882FA2487D3C}.Release|Any CPU.Build.0 = Release|Any CPU
		{09B05C67-E8AF-4B24-8FBF-25D999C0B621}.Debug|Any CPU.ActiveCfg = Debug|Any CPU
		{09B05C67-E8AF-4B24-8FBF-25D999C0B621}.Debug|Any CPU.Build.0 = Debug|Any CPU
		{09B05C67-E8AF-4B24-8FBF-25D999C0B621}.Release|Any CPU.ActiveCfg = Release|Any CPU
		{09B05C67-E8AF-4B24-8FBF-25D999C0B621}.Release|Any CPU.Build.0 = Release|Any CPU
		{BC6CFB8B-B068-4C16-BD1B-AA0728889655}.Debug|Any CPU.ActiveCfg = Debug|Any CPU
		{BC6CFB8B-B068-4C16-BD1B-AA0728889655}.Debug|Any CPU.Build.0 = Debug|Any CPU
		{BC6CFB8B-B068-4C16-BD1B-AA0728889655}.Release|Any CPU.ActiveCfg = Release|Any CPU
		{BC6CFB8B-B068-4C16-BD1B-AA0728889655}.Release|Any CPU.Build.0 = Release|Any CPU
		{F5892559-2773-4795-AD63-6AE1797D1460}.Debug|Any CPU.ActiveCfg = Debug|Any CPU
		{F5892559-2773-4795-AD63-6AE1797D1460}.Debug|Any CPU.Build.0 = Debug|Any CPU
		{F5892559-2773-4795-AD63-6AE1797D1460}.Release|Any CPU.ActiveCfg = Release|Any CPU
		{F5892559-2773-4795-AD63-6AE1797D1460}.Release|Any CPU.Build.0 = Release|Any CPU
		{467394FB-D501-4BD8-9192-4F57F55C2E96}.Debug|Any CPU.ActiveCfg = Debug|Any CPU
		{467394FB-D501-4BD8-9192-4F57F55C2E96}.Debug|Any CPU.Build.0 = Debug|Any CPU
		{467394FB-D501-4BD8-9192-4F57F55C2E96}.Release|Any CPU.ActiveCfg = Release|Any CPU
		{467394FB-D501-4BD8-9192-4F57F55C2E96}.Release|Any CPU.Build.0 = Release|Any CPU
	EndGlobalSection
	GlobalSection(SolutionProperties) = preSolution
		HideSolutionNode = FALSE
	EndGlobalSection
EndGlobal
